// !$*UTF8*$!
{
	archiveVersion = 1;
	classes = {
	};
	objectVersion = 56;
	objects = {

/* Begin PBXBuildFile section */
		404C65CB2921AC04007E9E90 /* Calculator__SwiftUI_App.swift in Sources */ = {isa = PBXBuildFile; fileRef = 404C65CA2921AC04007E9E90 /* Calculator__SwiftUI_App.swift */; };
		404C65CD2921AC04007E9E90 /* CalculatorView.swift in Sources */ = {isa = PBXBuildFile; fileRef = 404C65CC2921AC04007E9E90 /* CalculatorView.swift */; };
		404C65CF2921AC05007E9E90 /* Assets.xcassets in Resources */ = {isa = PBXBuildFile; fileRef = 404C65CE2921AC05007E9E90 /* Assets.xcassets */; };
		404C65D22921AC05007E9E90 /* Preview Assets.xcassets in Resources */ = {isa = PBXBuildFile; fileRef = 404C65D12921AC05007E9E90 /* Preview Assets.xcassets */; };
		404C65DC2921AC05007E9E90 /* Calculator__SwiftUI_Tests.swift in Sources */ = {isa = PBXBuildFile; fileRef = 404C65DB2921AC05007E9E90 /* Calculator__SwiftUI_Tests.swift */; };
		404C65E62921AC05007E9E90 /* Calculator__SwiftUI_UITests.swift in Sources */ = {isa = PBXBuildFile; fileRef = 404C65E52921AC05007E9E90 /* Calculator__SwiftUI_UITests.swift */; };
		404C65E82921AC05007E9E90 /* Calculator__SwiftUI_UITestsLaunchTests.swift in Sources */ = {isa = PBXBuildFile; fileRef = 404C65E72921AC05007E9E90 /* Calculator__SwiftUI_UITestsLaunchTests.swift */; };
		404C65F62921BCB5007E9E90 /* CalculatorButtons.swift in Sources */ = {isa = PBXBuildFile; fileRef = 404C65F52921BCB5007E9E90 /* CalculatorButtons.swift */; };
		404C65FA2922D499007E9E90 /* CalculatorViewModel.swift in Sources */ = {isa = PBXBuildFile; fileRef = 404C65F92922D499007E9E90 /* CalculatorViewModel.swift */; };
		404C65FC292302D4007E9E90 /* ToastBanner.swift in Sources */ = {isa = PBXBuildFile; fileRef = 404C65FB292302D4007E9E90 /* ToastBanner.swift */; };
		404C65FE29231C5B007E9E90 /* ErrorMessages.swift in Sources */ = {isa = PBXBuildFile; fileRef = 404C65FD29231C5B007E9E90 /* ErrorMessages.swift */; };
/* End PBXBuildFile section */

/* Begin PBXContainerItemProxy section */
		404C65D82921AC05007E9E90 /* PBXContainerItemProxy */ = {
			isa = PBXContainerItemProxy;
			containerPortal = 404C65BF2921AC04007E9E90 /* Project object */;
			proxyType = 1;
			remoteGlobalIDString = 404C65C62921AC04007E9E90;
			remoteInfo = "Calculator (SwiftUI)";
		};
		404C65E22921AC05007E9E90 /* PBXContainerItemProxy */ = {
			isa = PBXContainerItemProxy;
			containerPortal = 404C65BF2921AC04007E9E90 /* Project object */;
			proxyType = 1;
			remoteGlobalIDString = 404C65C62921AC04007E9E90;
			remoteInfo = "Calculator (SwiftUI)";
		};
/* End PBXContainerItemProxy section */

/* Begin PBXFileReference section */
		404C65C72921AC04007E9E90 /* Calculator (SwiftUI).app */ = {isa = PBXFileReference; explicitFileType = wrapper.application; includeInIndex = 0; path = "Calculator (SwiftUI).app"; sourceTree = BUILT_PRODUCTS_DIR; };
		404C65CA2921AC04007E9E90 /* Calculator__SwiftUI_App.swift */ = {isa = PBXFileReference; lastKnownFileType = sourcecode.swift; path = Calculator__SwiftUI_App.swift; sourceTree = "<group>"; };
		404C65CC2921AC04007E9E90 /* CalculatorView.swift */ = {isa = PBXFileReference; lastKnownFileType = sourcecode.swift; path = CalculatorView.swift; sourceTree = "<group>"; };
		404C65CE2921AC05007E9E90 /* Assets.xcassets */ = {isa = PBXFileReference; lastKnownFileType = folder.assetcatalog; path = Assets.xcassets; sourceTree = "<group>"; };
		404C65D12921AC05007E9E90 /* Preview Assets.xcassets */ = {isa = PBXFileReference; lastKnownFileType = folder.assetcatalog; path = "Preview Assets.xcassets"; sourceTree = "<group>"; };
		404C65D72921AC05007E9E90 /* Calculator (SwiftUI)Tests.xctest */ = {isa = PBXFileReference; explicitFileType = wrapper.cfbundle; includeInIndex = 0; path = "Calculator (SwiftUI)Tests.xctest"; sourceTree = BUILT_PRODUCTS_DIR; };
		404C65DB2921AC05007E9E90 /* Calculator__SwiftUI_Tests.swift */ = {isa = PBXFileReference; lastKnownFileType = sourcecode.swift; path = Calculator__SwiftUI_Tests.swift; sourceTree = "<group>"; };
		404C65E12921AC05007E9E90 /* Calculator (SwiftUI)UITests.xctest */ = {isa = PBXFileReference; explicitFileType = wrapper.cfbundle; includeInIndex = 0; path = "Calculator (SwiftUI)UITests.xctest"; sourceTree = BUILT_PRODUCTS_DIR; };
		404C65E52921AC05007E9E90 /* Calculator__SwiftUI_UITests.swift */ = {isa = PBXFileReference; lastKnownFileType = sourcecode.swift; path = Calculator__SwiftUI_UITests.swift; sourceTree = "<group>"; };
		404C65E72921AC05007E9E90 /* Calculator__SwiftUI_UITestsLaunchTests.swift */ = {isa = PBXFileReference; lastKnownFileType = sourcecode.swift; path = Calculator__SwiftUI_UITestsLaunchTests.swift; sourceTree = "<group>"; };
		404C65F52921BCB5007E9E90 /* CalculatorButtons.swift */ = {isa = PBXFileReference; lastKnownFileType = sourcecode.swift; path = CalculatorButtons.swift; sourceTree = "<group>"; };
		404C65F92922D499007E9E90 /* CalculatorViewModel.swift */ = {isa = PBXFileReference; lastKnownFileType = sourcecode.swift; path = CalculatorViewModel.swift; sourceTree = "<group>"; };
		404C65FB292302D4007E9E90 /* ToastBanner.swift */ = {isa = PBXFileReference; lastKnownFileType = sourcecode.swift; path = ToastBanner.swift; sourceTree = "<group>"; };
		404C65FD29231C5B007E9E90 /* ErrorMessages.swift */ = {isa = PBXFileReference; lastKnownFileType = sourcecode.swift; path = ErrorMessages.swift; sourceTree = "<group>"; };
/* End PBXFileReference section */

/* Begin PBXFrameworksBuildPhase section */
		404C65C42921AC04007E9E90 /* Frameworks */ = {
			isa = PBXFrameworksBuildPhase;
			buildActionMask = 2147483647;
			files = (
			);
			runOnlyForDeploymentPostprocessing = 0;
		};
		404C65D42921AC05007E9E90 /* Frameworks */ = {
			isa = PBXFrameworksBuildPhase;
			buildActionMask = 2147483647;
			files = (
			);
			runOnlyForDeploymentPostprocessing = 0;
		};
		404C65DE2921AC05007E9E90 /* Frameworks */ = {
			isa = PBXFrameworksBuildPhase;
			buildActionMask = 2147483647;
			files = (
			);
			runOnlyForDeploymentPostprocessing = 0;
		};
/* End PBXFrameworksBuildPhase section */

/* Begin PBXGroup section */
		404C65BE2921AC04007E9E90 = {
			isa = PBXGroup;
			children = (
				404C65C92921AC04007E9E90 /* Calculator (SwiftUI) */,
				404C65DA2921AC05007E9E90 /* Calculator (SwiftUI)Tests */,
				404C65E42921AC05007E9E90 /* Calculator (SwiftUI)UITests */,
				404C65C82921AC04007E9E90 /* Products */,
			);
			sourceTree = "<group>";
		};
		404C65C82921AC04007E9E90 /* Products */ = {
			isa = PBXGroup;
			children = (
				404C65C72921AC04007E9E90 /* Calculator (SwiftUI).app */,
				404C65D72921AC05007E9E90 /* Calculator (SwiftUI)Tests.xctest */,
				404C65E12921AC05007E9E90 /* Calculator (SwiftUI)UITests.xctest */,
			);
			name = Products;
			sourceTree = "<group>";
		};
		404C65C92921AC04007E9E90 /* Calculator (SwiftUI) */ = {
			isa = PBXGroup;
			children = (
				404C65CA2921AC04007E9E90 /* Calculator__SwiftUI_App.swift */,
				404C65F42921BC9E007E9E90 /* Model */,
				404C65F72922D478007E9E90 /* View */,
				404C65F82922D480007E9E90 /* ViewModel */,
				404C65CE2921AC05007E9E90 /* Assets.xcassets */,
				404C65D02921AC05007E9E90 /* Preview Content */,
			);
			path = "Calculator (SwiftUI)";
			sourceTree = "<group>";
		};
		404C65D02921AC05007E9E90 /* Preview Content */ = {
			isa = PBXGroup;
			children = (
				404C65D12921AC05007E9E90 /* Preview Assets.xcassets */,
			);
			path = "Preview Content";
			sourceTree = "<group>";
		};
		404C65DA2921AC05007E9E90 /* Calculator (SwiftUI)Tests */ = {
			isa = PBXGroup;
			children = (
				404C65DB2921AC05007E9E90 /* Calculator__SwiftUI_Tests.swift */,
			);
			path = "Calculator (SwiftUI)Tests";
			sourceTree = "<group>";
		};
		404C65E42921AC05007E9E90 /* Calculator (SwiftUI)UITests */ = {
			isa = PBXGroup;
			children = (
				404C65E52921AC05007E9E90 /* Calculator__SwiftUI_UITests.swift */,
				404C65E72921AC05007E9E90 /* Calculator__SwiftUI_UITestsLaunchTests.swift */,
			);
			path = "Calculator (SwiftUI)UITests";
			sourceTree = "<group>";
		};
		404C65F42921BC9E007E9E90 /* Model */ = {
			isa = PBXGroup;
			children = (
				404C65F52921BCB5007E9E90 /* CalculatorButtons.swift */,
				404C65FD29231C5B007E9E90 /* ErrorMessages.swift */,
			);
			path = Model;
			sourceTree = "<group>";
		};
		404C65F72922D478007E9E90 /* View */ = {
			isa = PBXGroup;
			children = (
				404C65CC2921AC04007E9E90 /* CalculatorView.swift */,
				404C65FB292302D4007E9E90 /* ToastBanner.swift */,
			);
			path = View;
			sourceTree = "<group>";
		};
		404C65F82922D480007E9E90 /* ViewModel */ = {
			isa = PBXGroup;
			children = (
				404C65F92922D499007E9E90 /* CalculatorViewModel.swift */,
			);
			path = ViewModel;
			sourceTree = "<group>";
		};
/* End PBXGroup section */

/* Begin PBXNativeTarget section */
		404C65C62921AC04007E9E90 /* Calculator (SwiftUI) */ = {
			isa = PBXNativeTarget;
			buildConfigurationList = 404C65EB2921AC05007E9E90 /* Build configuration list for PBXNativeTarget "Calculator (SwiftUI)" */;
			buildPhases = (
				404C65C32921AC04007E9E90 /* Sources */,
				404C65C42921AC04007E9E90 /* Frameworks */,
				404C65C52921AC04007E9E90 /* Resources */,
			);
			buildRules = (
			);
			dependencies = (
			);
			name = "Calculator (SwiftUI)";
			productName = "Calculator (SwiftUI)";
			productReference = 404C65C72921AC04007E9E90 /* Calculator (SwiftUI).app */;
			productType = "com.apple.product-type.application";
		};
		404C65D62921AC05007E9E90 /* Calculator (SwiftUI)Tests */ = {
			isa = PBXNativeTarget;
			buildConfigurationList = 404C65EE2921AC05007E9E90 /* Build configuration list for PBXNativeTarget "Calculator (SwiftUI)Tests" */;
			buildPhases = (
				404C65D32921AC05007E9E90 /* Sources */,
				404C65D42921AC05007E9E90 /* Frameworks */,
				404C65D52921AC05007E9E90 /* Resources */,
			);
			buildRules = (
			);
			dependencies = (
				404C65D92921AC05007E9E90 /* PBXTargetDependency */,
			);
			name = "Calculator (SwiftUI)Tests";
			productName = "Calculator (SwiftUI)Tests";
			productReference = 404C65D72921AC05007E9E90 /* Calculator (SwiftUI)Tests.xctest */;
			productType = "com.apple.product-type.bundle.unit-test";
		};
		404C65E02921AC05007E9E90 /* Calculator (SwiftUI)UITests */ = {
			isa = PBXNativeTarget;
			buildConfigurationList = 404C65F12921AC05007E9E90 /* Build configuration list for PBXNativeTarget "Calculator (SwiftUI)UITests" */;
			buildPhases = (
				404C65DD2921AC05007E9E90 /* Sources */,
				404C65DE2921AC05007E9E90 /* Frameworks */,
				404C65DF2921AC05007E9E90 /* Resources */,
			);
			buildRules = (
			);
			dependencies = (
				404C65E32921AC05007E9E90 /* PBXTargetDependency */,
			);
			name = "Calculator (SwiftUI)UITests";
			productName = "Calculator (SwiftUI)UITests";
			productReference = 404C65E12921AC05007E9E90 /* Calculator (SwiftUI)UITests.xctest */;
			productType = "com.apple.product-type.bundle.ui-testing";
		};
/* End PBXNativeTarget section */

/* Begin PBXProject section */
		404C65BF2921AC04007E9E90 /* Project object */ = {
			isa = PBXProject;
			attributes = {
				BuildIndependentTargetsInParallel = 1;
				LastSwiftUpdateCheck = 1400;
				LastUpgradeCheck = 1400;
				TargetAttributes = {
					404C65C62921AC04007E9E90 = {
						CreatedOnToolsVersion = 14.0.1;
					};
					404C65D62921AC05007E9E90 = {
						CreatedOnToolsVersion = 14.0.1;
						TestTargetID = 404C65C62921AC04007E9E90;
					};
					404C65E02921AC05007E9E90 = {
						CreatedOnToolsVersion = 14.0.1;
						TestTargetID = 404C65C62921AC04007E9E90;
					};
				};
			};
			buildConfigurationList = 404C65C22921AC04007E9E90 /* Build configuration list for PBXProject "Calculator (SwiftUI)" */;
			compatibilityVersion = "Xcode 14.0";
			developmentRegion = en;
			hasScannedForEncodings = 0;
			knownRegions = (
				en,
				Base,
			);
			mainGroup = 404C65BE2921AC04007E9E90;
			productRefGroup = 404C65C82921AC04007E9E90 /* Products */;
			projectDirPath = "";
			projectRoot = "";
			targets = (
				404C65C62921AC04007E9E90 /* Calculator (SwiftUI) */,
				404C65D62921AC05007E9E90 /* Calculator (SwiftUI)Tests */,
				404C65E02921AC05007E9E90 /* Calculator (SwiftUI)UITests */,
			);
		};
/* End PBXProject section */

/* Begin PBXResourcesBuildPhase section */
		404C65C52921AC04007E9E90 /* Resources */ = {
			isa = PBXResourcesBuildPhase;
			buildActionMask = 2147483647;
			files = (
				404C65D22921AC05007E9E90 /* Preview Assets.xcassets in Resources */,
				404C65CF2921AC05007E9E90 /* Assets.xcassets in Resources */,
			);
			runOnlyForDeploymentPostprocessing = 0;
		};
		404C65D52921AC05007E9E90 /* Resources */ = {
			isa = PBXResourcesBuildPhase;
			buildActionMask = 2147483647;
			files = (
			);
			runOnlyForDeploymentPostprocessing = 0;
		};
		404C65DF2921AC05007E9E90 /* Resources */ = {
			isa = PBXResourcesBuildPhase;
			buildActionMask = 2147483647;
			files = (
			);
			runOnlyForDeploymentPostprocessing = 0;
		};
/* End PBXResourcesBuildPhase section */

/* Begin PBXSourcesBuildPhase section */
		404C65C32921AC04007E9E90 /* Sources */ = {
			isa = PBXSourcesBuildPhase;
			buildActionMask = 2147483647;
			files = (
				404C65CD2921AC04007E9E90 /* CalculatorView.swift in Sources */,
				404C65F62921BCB5007E9E90 /* CalculatorButtons.swift in Sources */,
				404C65FE29231C5B007E9E90 /* ErrorMessages.swift in Sources */,
				404C65FC292302D4007E9E90 /* ToastBanner.swift in Sources */,
				404C65FA2922D499007E9E90 /* CalculatorViewModel.swift in Sources */,
				404C65CB2921AC04007E9E90 /* Calculator__SwiftUI_App.swift in Sources */,
			);
			runOnlyForDeploymentPostprocessing = 0;
		};
		404C65D32921AC05007E9E90 /* Sources */ = {
			isa = PBXSourcesBuildPhase;
			buildActionMask = 2147483647;
			files = (
				404C65DC2921AC05007E9E90 /* Calculator__SwiftUI_Tests.swift in Sources */,
			);
			runOnlyForDeploymentPostprocessing = 0;
		};
		404C65DD2921AC05007E9E90 /* Sources */ = {
			isa = PBXSourcesBuildPhase;
			buildActionMask = 2147483647;
			files = (
				404C65E82921AC05007E9E90 /* Calculator__SwiftUI_UITestsLaunchTests.swift in Sources */,
				404C65E62921AC05007E9E90 /* Calculator__SwiftUI_UITests.swift in Sources */,
			);
			runOnlyForDeploymentPostprocessing = 0;
		};
/* End PBXSourcesBuildPhase section */

/* Begin PBXTargetDependency section */
		404C65D92921AC05007E9E90 /* PBXTargetDependency */ = {
			isa = PBXTargetDependency;
			target = 404C65C62921AC04007E9E90 /* Calculator (SwiftUI) */;
			targetProxy = 404C65D82921AC05007E9E90 /* PBXContainerItemProxy */;
		};
		404C65E32921AC05007E9E90 /* PBXTargetDependency */ = {
			isa = PBXTargetDependency;
			target = 404C65C62921AC04007E9E90 /* Calculator (SwiftUI) */;
			targetProxy = 404C65E22921AC05007E9E90 /* PBXContainerItemProxy */;
		};
/* End PBXTargetDependency section */

/* Begin XCBuildConfiguration section */
		404C65E92921AC05007E9E90 /* Debug */ = {
			isa = XCBuildConfiguration;
			buildSettings = {
				ALWAYS_SEARCH_USER_PATHS = NO;
				CLANG_ANALYZER_NONNULL = YES;
				CLANG_ANALYZER_NUMBER_OBJECT_CONVERSION = YES_AGGRESSIVE;
				CLANG_CXX_LANGUAGE_STANDARD = "gnu++20";
				CLANG_ENABLE_MODULES = YES;
				CLANG_ENABLE_OBJC_ARC = YES;
				CLANG_ENABLE_OBJC_WEAK = YES;
				CLANG_WARN_BLOCK_CAPTURE_AUTORELEASING = YES;
				CLANG_WARN_BOOL_CONVERSION = YES;
				CLANG_WARN_COMMA = YES;
				CLANG_WARN_CONSTANT_CONVERSION = YES;
				CLANG_WARN_DEPRECATED_OBJC_IMPLEMENTATIONS = YES;
				CLANG_WARN_DIRECT_OBJC_ISA_USAGE = YES_ERROR;
				CLANG_WARN_DOCUMENTATION_COMMENTS = YES;
				CLANG_WARN_EMPTY_BODY = YES;
				CLANG_WARN_ENUM_CONVERSION = YES;
				CLANG_WARN_INFINITE_RECURSION = YES;
				CLANG_WARN_INT_CONVERSION = YES;
				CLANG_WARN_NON_LITERAL_NULL_CONVERSION = YES;
				CLANG_WARN_OBJC_IMPLICIT_RETAIN_SELF = YES;
				CLANG_WARN_OBJC_LITERAL_CONVERSION = YES;
				CLANG_WARN_OBJC_ROOT_CLASS = YES_ERROR;
				CLANG_WARN_QUOTED_INCLUDE_IN_FRAMEWORK_HEADER = YES;
				CLANG_WARN_RANGE_LOOP_ANALYSIS = YES;
				CLANG_WARN_STRICT_PROTOTYPES = YES;
				CLANG_WARN_SUSPICIOUS_MOVE = YES;
				CLANG_WARN_UNGUARDED_AVAILABILITY = YES_AGGRESSIVE;
				CLANG_WARN_UNREACHABLE_CODE = YES;
				CLANG_WARN__DUPLICATE_METHOD_MATCH = YES;
				COPY_PHASE_STRIP = NO;
				DEBUG_INFORMATION_FORMAT = dwarf;
				ENABLE_STRICT_OBJC_MSGSEND = YES;
				ENABLE_TESTABILITY = YES;
				GCC_C_LANGUAGE_STANDARD = gnu11;
				GCC_DYNAMIC_NO_PIC = NO;
				GCC_NO_COMMON_BLOCKS = YES;
				GCC_OPTIMIZATION_LEVEL = 0;
				GCC_PREPROCESSOR_DEFINITIONS = (
					"DEBUG=1",
					"$(inherited)",
				);
				GCC_WARN_64_TO_32_BIT_CONVERSION = YES;
				GCC_WARN_ABOUT_RETURN_TYPE = YES_ERROR;
				GCC_WARN_UNDECLARED_SELECTOR = YES;
				GCC_WARN_UNINITIALIZED_AUTOS = YES_AGGRESSIVE;
				GCC_WARN_UNUSED_FUNCTION = YES;
				GCC_WARN_UNUSED_VARIABLE = YES;
				IPHONEOS_DEPLOYMENT_TARGET = 16.0;
				MTL_ENABLE_DEBUG_INFO = INCLUDE_SOURCE;
				MTL_FAST_MATH = YES;
				ONLY_ACTIVE_ARCH = YES;
				SDKROOT = iphoneos;
				SWIFT_ACTIVE_COMPILATION_CONDITIONS = DEBUG;
				SWIFT_OPTIMIZATION_LEVEL = "-Onone";
			};
			name = Debug;
		};
		404C65EA2921AC05007E9E90 /* Release */ = {
			isa = XCBuildConfiguration;
			buildSettings = {
				ALWAYS_SEARCH_USER_PATHS = NO;
				CLANG_ANALYZER_NONNULL = YES;
				CLANG_ANALYZER_NUMBER_OBJECT_CONVERSION = YES_AGGRESSIVE;
				CLANG_CXX_LANGUAGE_STANDARD = "gnu++20";
				CLANG_ENABLE_MODULES = YES;
				CLANG_ENABLE_OBJC_ARC = YES;
				CLANG_ENABLE_OBJC_WEAK = YES;
				CLANG_WARN_BLOCK_CAPTURE_AUTORELEASING = YES;
				CLANG_WARN_BOOL_CONVERSION = YES;
				CLANG_WARN_COMMA = YES;
				CLANG_WARN_CONSTANT_CONVERSION = YES;
				CLANG_WARN_DEPRECATED_OBJC_IMPLEMENTATIONS = YES;
				CLANG_WARN_DIRECT_OBJC_ISA_USAGE = YES_ERROR;
				CLANG_WARN_DOCUMENTATION_COMMENTS = YES;
				CLANG_WARN_EMPTY_BODY = YES;
				CLANG_WARN_ENUM_CONVERSION = YES;
				CLANG_WARN_INFINITE_RECURSION = YES;
				CLANG_WARN_INT_CONVERSION = YES;
				CLANG_WARN_NON_LITERAL_NULL_CONVERSION = YES;
				CLANG_WARN_OBJC_IMPLICIT_RETAIN_SELF = YES;
				CLANG_WARN_OBJC_LITERAL_CONVERSION = YES;
				CLANG_WARN_OBJC_ROOT_CLASS = YES_ERROR;
				CLANG_WARN_QUOTED_INCLUDE_IN_FRAMEWORK_HEADER = YES;
				CLANG_WARN_RANGE_LOOP_ANALYSIS = YES;
				CLANG_WARN_STRICT_PROTOTYPES = YES;
				CLANG_WARN_SUSPICIOUS_MOVE = YES;
				CLANG_WARN_UNGUARDED_AVAILABILITY = YES_AGGRESSIVE;
				CLANG_WARN_UNREACHABLE_CODE = YES;
				CLANG_WARN__DUPLICATE_METHOD_MATCH = YES;
				COPY_PHASE_STRIP = NO;
				DEBUG_INFORMATION_FORMAT = "dwarf-with-dsym";
				ENABLE_NS_ASSERTIONS = NO;
				ENABLE_STRICT_OBJC_MSGSEND = YES;
				GCC_C_LANGUAGE_STANDARD = gnu11;
				GCC_NO_COMMON_BLOCKS = YES;
				GCC_WARN_64_TO_32_BIT_CONVERSION = YES;
				GCC_WARN_ABOUT_RETURN_TYPE = YES_ERROR;
				GCC_WARN_UNDECLARED_SELECTOR = YES;
				GCC_WARN_UNINITIALIZED_AUTOS = YES_AGGRESSIVE;
				GCC_WARN_UNUSED_FUNCTION = YES;
				GCC_WARN_UNUSED_VARIABLE = YES;
				IPHONEOS_DEPLOYMENT_TARGET = 16.0;
				MTL_ENABLE_DEBUG_INFO = NO;
				MTL_FAST_MATH = YES;
				SDKROOT = iphoneos;
				SWIFT_COMPILATION_MODE = wholemodule;
				SWIFT_OPTIMIZATION_LEVEL = "-O";
				VALIDATE_PRODUCT = YES;
			};
			name = Release;
		};
		404C65EC2921AC05007E9E90 /* Debug */ = {
			isa = XCBuildConfiguration;
			buildSettings = {
				ASSETCATALOG_COMPILER_APPICON_NAME = AppIcon;
				ASSETCATALOG_COMPILER_GLOBAL_ACCENT_COLOR_NAME = AccentColor;
				CODE_SIGN_STYLE = Automatic;
				CURRENT_PROJECT_VERSION = 1;
				DEVELOPMENT_ASSET_PATHS = "\"Calculator (SwiftUI)/Preview Content\"";
				DEVELOPMENT_TEAM = 9B48U74AU3;
				ENABLE_PREVIEWS = YES;
				GENERATE_INFOPLIST_FILE = YES;
				INFOPLIST_KEY_UIApplicationSceneManifest_Generation = YES;
				INFOPLIST_KEY_UIApplicationSupportsIndirectInputEvents = YES;
				INFOPLIST_KEY_UILaunchScreen_Generation = YES;
				INFOPLIST_KEY_UISupportedInterfaceOrientations_iPad = "UIInterfaceOrientationPortrait UIInterfaceOrientationPortraitUpsideDown UIInterfaceOrientationLandscapeLeft UIInterfaceOrientationLandscapeRight";
				INFOPLIST_KEY_UISupportedInterfaceOrientations_iPhone = "UIInterfaceOrientationPortrait UIInterfaceOrientationLandscapeLeft UIInterfaceOrientationLandscapeRight";
				LD_RUNPATH_SEARCH_PATHS = (
					"$(inherited)",
					"@executable_path/Frameworks",
				);
				MARKETING_VERSION = 1.0;
				PRODUCT_BUNDLE_IDENTIFIER = "bugdent.Calculator--SwiftUI-";
				PRODUCT_NAME = "$(TARGET_NAME)";
				SWIFT_EMIT_LOC_STRINGS = YES;
				SWIFT_VERSION = 5.0;
				TARGETED_DEVICE_FAMILY = "1,2";
			};
			name = Debug;
		};
		404C65ED2921AC05007E9E90 /* Release */ = {
			isa = XCBuildConfiguration;
			buildSettings = {
				ASSETCATALOG_COMPILER_APPICON_NAME = AppIcon;
				ASSETCATALOG_COMPILER_GLOBAL_ACCENT_COLOR_NAME = AccentColor;
				CODE_SIGN_STYLE = Automatic;
				CURRENT_PROJECT_VERSION = 1;
				DEVELOPMENT_ASSET_PATHS = "\"Calculator (SwiftUI)/Preview Content\"";
				DEVELOPMENT_TEAM = 9B48U74AU3;
				ENABLE_PREVIEWS = YES;
				GENERATE_INFOPLIST_FILE = YES;
				INFOPLIST_KEY_UIApplicationSceneManifest_Generation = YES;
				INFOPLIST_KEY_UIApplicationSupportsIndirectInputEvents = YES;
				INFOPLIST_KEY_UILaunchScreen_Generation = YES;
				INFOPLIST_KEY_UISupportedInterfaceOrientations_iPad = "UIInterfaceOrientationPortrait UIInterfaceOrientationPortraitUpsideDown UIInterfaceOrientationLandscapeLeft UIInterfaceOrientationLandscapeRight";
				INFOPLIST_KEY_UISupportedInterfaceOrientations_iPhone = "UIInterfaceOrientationPortrait UIInterfaceOrientationLandscapeLeft UIInterfaceOrientationLandscapeRight";
				LD_RUNPATH_SEARCH_PATHS = (
					"$(inherited)",
					"@executable_path/Frameworks",
				);
				MARKETING_VERSION = 1.0;
				PRODUCT_BUNDLE_IDENTIFIER = "bugdent.Calculator--SwiftUI-";
				PRODUCT_NAME = "$(TARGET_NAME)";
				SWIFT_EMIT_LOC_STRINGS = YES;
				SWIFT_VERSION = 5.0;
				TARGETED_DEVICE_FAMILY = "1,2";
			};
			name = Release;
		};
		404C65EF2921AC05007E9E90 /* Debug */ = {
			isa = XCBuildConfiguration;
			buildSettings = {
				ALWAYS_EMBED_SWIFT_STANDARD_LIBRARIES = YES;
				BUNDLE_LOADER = "$(TEST_HOST)";
				CODE_SIGN_STYLE = Automatic;
				CURRENT_PROJECT_VERSION = 1;
				DEVELOPMENT_TEAM = 9B48U74AU3;
				GENERATE_INFOPLIST_FILE = YES;
				IPHONEOS_DEPLOYMENT_TARGET = 16.0;
				MARKETING_VERSION = 1.0;
				PRODUCT_BUNDLE_IDENTIFIER = "bugdent.Calculator--SwiftUI-Tests";
				PRODUCT_NAME = "$(TARGET_NAME)";
				SWIFT_EMIT_LOC_STRINGS = NO;
				SWIFT_VERSION = 5.0;
				TARGETED_DEVICE_FAMILY = "1,2";
				TEST_HOST = "$(BUILT_PRODUCTS_DIR)/Calculator (SwiftUI).app/$(BUNDLE_EXECUTABLE_FOLDER_PATH)/Calculator (SwiftUI)";
			};
			name = Debug;
		};
		404C65F02921AC05007E9E90 /* Release */ = {
			isa = XCBuildConfiguration;
			buildSettings = {
				ALWAYS_EMBED_SWIFT_STANDARD_LIBRARIES = YES;
				BUNDLE_LOADER = "$(TEST_HOST)";
				CODE_SIGN_STYLE = Automatic;
				CURRENT_PROJECT_VERSION = 1;
				DEVELOPMENT_TEAM = 9B48U74AU3;
				GENERATE_INFOPLIST_FILE = YES;
				IPHONEOS_DEPLOYMENT_TARGET = 16.0;
				MARKETING_VERSION = 1.0;
				PRODUCT_BUNDLE_IDENTIFIER = "bugdent.Calculator--SwiftUI-Tests";
				PRODUCT_NAME = "$(TARGET_NAME)";
				SWIFT_EMIT_LOC_STRINGS = NO;
				SWIFT_VERSION = 5.0;
				TARGETED_DEVICE_FAMILY = "1,2";
				TEST_HOST = "$(BUILT_PRODUCTS_DIR)/Calculator (SwiftUI).app/$(BUNDLE_EXECUTABLE_FOLDER_PATH)/Calculator (SwiftUI)";
			};
			name = Release;
		};
		404C65F22921AC05007E9E90 /* Debug */ = {
			isa = XCBuildConfiguration;
			buildSettings = {
				ALWAYS_EMBED_SWIFT_STANDARD_LIBRARIES = YES;
				CODE_SIGN_STYLE = Automatic;
				CURRENT_PROJECT_VERSION = 1;
				DEVELOPMENT_TEAM = 9B48U74AU3;
				GENERATE_INFOPLIST_FILE = YES;
				MARKETING_VERSION = 1.0;
				PRODUCT_BUNDLE_IDENTIFIER = "bugdent.Calculator--SwiftUI-UITests";
				PRODUCT_NAME = "$(TARGET_NAME)";
				SWIFT_EMIT_LOC_STRINGS = NO;
				SWIFT_VERSION = 5.0;
				TARGETED_DEVICE_FAMILY = "1,2";
				TEST_TARGET_NAME = "Calculator (SwiftUI)";
			};
			name = Debug;
		};
		404C65F32921AC05007E9E90 /* Release */ = {
			isa = XCBuildConfiguration;
			buildSettings = {
				ALWAYS_EMBED_SWIFT_STANDARD_LIBRARIES = YES;
				CODE_SIGN_STYLE = Automatic;
				CURRENT_PROJECT_VERSION = 1;
				DEVELOPMENT_TEAM = 9B48U74AU3;
				GENERATE_INFOPLIST_FILE = YES;
				MARKETING_VERSION = 1.0;
				PRODUCT_BUNDLE_IDENTIFIER = "bugdent.Calculator--SwiftUI-UITests";
				PRODUCT_NAME = "$(TARGET_NAME)";
				SWIFT_EMIT_LOC_STRINGS = NO;
				SWIFT_VERSION = 5.0;
				TARGETED_DEVICE_FAMILY = "1,2";
				TEST_TARGET_NAME = "Calculator (SwiftUI)";
			};
			name = Release;
		};
/* End XCBuildConfiguration section */

/* Begin XCConfigurationList section */
		404C65C22921AC04007E9E90 /* Build configuration list for PBXProject "Calculator (SwiftUI)" */ = {
			isa = XCConfigurationList;
			buildConfigurations = (
				404C65E92921AC05007E9E90 /* Debug */,
				404C65EA2921AC05007E9E90 /* Release */,
			);
			defaultConfigurationIsVisible = 0;
			defaultConfigurationName = Release;
		};
		404C65EB2921AC05007E9E90 /* Build configuration list for PBXNativeTarget "Calculator (SwiftUI)" */ = {
			isa = XCConfigurationList;
			buildConfigurations = (
				404C65EC2921AC05007E9E90 /* Debug */,
				404C65ED2921AC05007E9E90 /* Release */,
			);
			defaultConfigurationIsVisible = 0;
			defaultConfigurationName = Release;
		};
		404C65EE2921AC05007E9E90 /* Build configuration list for PBXNativeTarget "Calculator (SwiftUI)Tests" */ = {
			isa = XCConfigurationList;
			buildConfigurations = (
				404C65EF2921AC05007E9E90 /* Debug */,
				404C65F02921AC05007E9E90 /* Release */,
			);
			defaultConfigurationIsVisible = 0;
			defaultConfigurationName = Release;
		};
		404C65F12921AC05007E9E90 /* Build configuration list for PBXNativeTarget "Calculator (SwiftUI)UITests" */ = {
			isa = XCConfigurationList;
			buildConfigurations = (
				404C65F22921AC05007E9E90 /* Debug */,
				404C65F32921AC05007E9E90 /* Release */,
			);
			defaultConfigurationIsVisible = 0;
			defaultConfigurationName = Release;
		};
/* End XCConfigurationList section */
	};
	rootObject = 404C65BF2921AC04007E9E90 /* Project object */;
}
